// !$*UTF8*$!
{
	archiveVersion = 1;
	classes = {
	};
	objectVersion = 56;
	objects = {

/* Begin PBXBuildFile section */
		939CE02AE49F93EB37AD4BF1 /* Pods_MyApplicationIOS.framework in Frameworks */ = {isa = PBXBuildFile; fileRef = 7FAD2BA3D96CF8D0EEFE00B5 /* Pods_MyApplicationIOS.framework */; };
		9C3611DE2A8365D50069D844 /* AppDelegate.swift in Sources */ = {isa = PBXBuildFile; fileRef = 9C3611DD2A8365D50069D844 /* AppDelegate.swift */; };
		9C3611E02A8365D50069D844 /* SceneDelegate.swift in Sources */ = {isa = PBXBuildFile; fileRef = 9C3611DF2A8365D50069D844 /* SceneDelegate.swift */; };
		9C3611E22A8365D50069D844 /* ViewController.swift in Sources */ = {isa = PBXBuildFile; fileRef = 9C3611E12A8365D50069D844 /* ViewController.swift */; };
		9C3611E52A8365D50069D844 /* Main.storyboard in Resources */ = {isa = PBXBuildFile; fileRef = 9C3611E32A8365D50069D844 /* Main.storyboard */; };
		9C3611E72A8365D60069D844 /* Assets.xcassets in Resources */ = {isa = PBXBuildFile; fileRef = 9C3611E62A8365D60069D844 /* Assets.xcassets */; };
		9C3611EA2A8365D60069D844 /* LaunchScreen.storyboard in Resources */ = {isa = PBXBuildFile; fileRef = 9C3611E82A8365D60069D844 /* LaunchScreen.storyboard */; };
/* End PBXBuildFile section */

/* Begin PBXFileReference section */
		7FAD2BA3D96CF8D0EEFE00B5 /* Pods_MyApplicationIOS.framework */ = {isa = PBXFileReference; explicitFileType = wrapper.framework; includeInIndex = 0; path = Pods_MyApplicationIOS.framework; sourceTree = BUILT_PRODUCTS_DIR; };
		949EC6614DDAC0C442ABECA8 /* Pods-MyApplicationIOS.release.xcconfig */ = {isa = PBXFileReference; includeInIndex = 1; lastKnownFileType = text.xcconfig; name = "Pods-MyApplicationIOS.release.xcconfig"; path = "Target Support Files/Pods-MyApplicationIOS/Pods-MyApplicationIOS.release.xcconfig"; sourceTree = "<group>"; };
		9C3611DA2A8365D50069D844 /* MyApplicationIOS.app */ = {isa = PBXFileReference; explicitFileType = wrapper.application; includeInIndex = 0; path = MyApplicationIOS.app; sourceTree = BUILT_PRODUCTS_DIR; };
		9C3611DD2A8365D50069D844 /* AppDelegate.swift */ = {isa = PBXFileReference; lastKnownFileType = sourcecode.swift; path = AppDelegate.swift; sourceTree = "<group>"; };
		9C3611DF2A8365D50069D844 /* SceneDelegate.swift */ = {isa = PBXFileReference; lastKnownFileType = sourcecode.swift; path = SceneDelegate.swift; sourceTree = "<group>"; };
		9C3611E12A8365D50069D844 /* ViewController.swift */ = {isa = PBXFileReference; lastKnownFileType = sourcecode.swift; path = ViewController.swift; sourceTree = "<group>"; };
		9C3611E42A8365D50069D844 /* Base */ = {isa = PBXFileReference; lastKnownFileType = file.storyboard; name = Base; path = Base.lproj/Main.storyboard; sourceTree = "<group>"; };
		9C3611E62A8365D60069D844 /* Assets.xcassets */ = {isa = PBXFileReference; lastKnownFileType = folder.assetcatalog; path = Assets.xcassets; sourceTree = "<group>"; };
		9C3611E92A8365D60069D844 /* Base */ = {isa = PBXFileReference; lastKnownFileType = file.storyboard; name = Base; path = Base.lproj/LaunchScreen.storyboard; sourceTree = "<group>"; };
		9C3611EB2A8365D60069D844 /* Info.plist */ = {isa = PBXFileReference; lastKnownFileType = text.plist.xml; path = Info.plist; sourceTree = "<group>"; };
		D855A9400083FFD0DE5B2AFA /* Pods-MyApplicationIOS.debug.xcconfig */ = {isa = PBXFileReference; includeInIndex = 1; lastKnownFileType = text.xcconfig; name = "Pods-MyApplicationIOS.debug.xcconfig"; path = "Target Support Files/Pods-MyApplicationIOS/Pods-MyApplicationIOS.debug.xcconfig"; sourceTree = "<group>"; };
/* End PBXFileReference section */

/* Begin PBXFrameworksBuildPhase section */
		9C3611D72A8365D50069D844 /* Frameworks */ = {
			isa = PBXFrameworksBuildPhase;
			buildActionMask = 2147483647;
			files = (
				939CE02AE49F93EB37AD4BF1 /* Pods_MyApplicationIOS.framework in Frameworks */,
			);
			runOnlyForDeploymentPostprocessing = 0;
		};
/* End PBXFrameworksBuildPhase section */

/* Begin PBXGroup section */
		39A518E1902FA2C8E2A93B26 /* Pods */ = {
			isa = PBXGroup;
			children = (
				D855A9400083FFD0DE5B2AFA /* Pods-MyApplicationIOS.debug.xcconfig */,
				949EC6614DDAC0C442ABECA8 /* Pods-MyApplicationIOS.release.xcconfig */,
			);
			path = Pods;
			sourceTree = "<group>";
		};
		63F8B9555D36C0C92C04ACE0 /* Frameworks */ = {
			isa = PBXGroup;
			children = (
				7FAD2BA3D96CF8D0EEFE00B5 /* Pods_MyApplicationIOS.framework */,
			);
			name = Frameworks;
			sourceTree = "<group>";
		};
		9C3611D12A8365D50069D844 = {
			isa = PBXGroup;
			children = (
				9C3611DC2A8365D50069D844 /* MyApplicationIOS */,
				9C3611DB2A8365D50069D844 /* Products */,
				39A518E1902FA2C8E2A93B26 /* Pods */,
				63F8B9555D36C0C92C04ACE0 /* Frameworks */,
			);
			sourceTree = "<group>";
		};
		9C3611DB2A8365D50069D844 /* Products */ = {
			isa = PBXGroup;
			children = (
				9C3611DA2A8365D50069D844 /* MyApplicationIOS.app */,
			);
			name = Products;
			sourceTree = "<group>";
		};
		9C3611DC2A8365D50069D844 /* MyApplicationIOS */ = {
			isa = PBXGroup;
			children = (
				9C3611DD2A8365D50069D844 /* AppDelegate.swift */,
				9C3611DF2A8365D50069D844 /* SceneDelegate.swift */,
				9C3611E12A8365D50069D844 /* ViewController.swift */,
				9C3611E32A8365D50069D844 /* Main.storyboard */,
				9C3611E62A8365D60069D844 /* Assets.xcassets */,
				9C3611E82A8365D60069D844 /* LaunchScreen.storyboard */,
				9C3611EB2A8365D60069D844 /* Info.plist */,
			);
			path = MyApplicationIOS;
			sourceTree = "<group>";
		};
/* End PBXGroup section */

/* Begin PBXNativeTarget section */
		9C3611D92A8365D50069D844 /* MyApplicationIOS */ = {
			isa = PBXNativeTarget;
			buildConfigurationList = 9C3611EE2A8365D60069D844 /* Build configuration list for PBXNativeTarget "MyApplicationIOS" */;
			buildPhases = (
				9DCB9BF3DCF27C46A2079B28 /* [CP] Check Pods Manifest.lock */,
				BB66409B17A6670111B5032D /* [CP-User] Run Flutter Build tptaq_bms_util_module Script */,
				9C3611D62A8365D50069D844 /* Sources */,
				9C3611D72A8365D50069D844 /* Frameworks */,
				9C3611D82A8365D50069D844 /* Resources */,
				D743427E672751435A1F4F55 /* [CP] Embed Pods Frameworks */,
				E762974E49361575C080DED5 /* [CP-User] Embed Flutter Build tptaq_bms_util_module Script */,
			);
			buildRules = (
			);
			dependencies = (
			);
			name = MyApplicationIOS;
			productName = MyApplicationIOS;
			productReference = 9C3611DA2A8365D50069D844 /* MyApplicationIOS.app */;
			productType = "com.apple.product-type.application";
		};
/* End PBXNativeTarget section */

/* Begin PBXProject section */
		9C3611D22A8365D50069D844 /* Project object */ = {
			isa = PBXProject;
			attributes = {
				BuildIndependentTargetsInParallel = 1;
				LastSwiftUpdateCheck = 1430;
				LastUpgradeCheck = 1430;
				TargetAttributes = {
					9C3611D92A8365D50069D844 = {
						CreatedOnToolsVersion = 14.3;
					};
				};
			};
			buildConfigurationList = 9C3611D52A8365D50069D844 /* Build configuration list for PBXProject "MyApplicationIOS" */;
			compatibilityVersion = "Xcode 14.0";
			developmentRegion = en;
			hasScannedForEncodings = 0;
			knownRegions = (
				en,
				Base,
			);
			mainGroup = 9C3611D12A8365D50069D844;
			productRefGroup = 9C3611DB2A8365D50069D844 /* Products */;
			projectDirPath = "";
			projectRoot = "";
			targets = (
				9C3611D92A8365D50069D844 /* MyApplicationIOS */,
			);
		};
/* End PBXProject section */

/* Begin PBXResourcesBuildPhase section */
		9C3611D82A8365D50069D844 /* Resources */ = {
			isa = PBXResourcesBuildPhase;
			buildActionMask = 2147483647;
			files = (
				9C3611EA2A8365D60069D844 /* LaunchScreen.storyboard in Resources */,
				9C3611E72A8365D60069D844 /* Assets.xcassets in Resources */,
				9C3611E52A8365D50069D844 /* Main.storyboard in Resources */,
			);
			runOnlyForDeploymentPostprocessing = 0;
		};
/* End PBXResourcesBuildPhase section */

/* Begin PBXShellScriptBuildPhase section */
		9DCB9BF3DCF27C46A2079B28 /* [CP] Check Pods Manifest.lock */ = {
			isa = PBXShellScriptBuildPhase;
			buildActionMask = 2147483647;
			files = (
			);
			inputFileListPaths = (
			);
			inputPaths = (
				"${PODS_PODFILE_DIR_PATH}/Podfile.lock",
				"${PODS_ROOT}/Manifest.lock",
			);
			name = "[CP] Check Pods Manifest.lock";
			outputFileListPaths = (
			);
			outputPaths = (
				"$(DERIVED_FILE_DIR)/Pods-MyApplicationIOS-checkManifestLockResult.txt",
			);
			runOnlyForDeploymentPostprocessing = 0;
			shellPath = /bin/sh;
			shellScript = "diff \"${PODS_PODFILE_DIR_PATH}/Podfile.lock\" \"${PODS_ROOT}/Manifest.lock\" > /dev/null\nif [ $? != 0 ] ; then\n    # print error to STDERR\n    echo \"error: The sandbox is not in sync with the Podfile.lock. Run 'pod install' or update your CocoaPods installation.\" >&2\n    exit 1\nfi\n# This output is used by Xcode 'outputs' to avoid re-running this script phase.\necho \"SUCCESS\" > \"${SCRIPT_OUTPUT_FILE_0}\"\n";
			showEnvVarsInLog = 0;
		};
		BB66409B17A6670111B5032D /* [CP-User] Run Flutter Build tptaq_bms_util_module Script */ = {
			isa = PBXShellScriptBuildPhase;
			buildActionMask = 2147483647;
			files = (
			);
			name = "[CP-User] Run Flutter Build tptaq_bms_util_module Script";
			runOnlyForDeploymentPostprocessing = 0;
			shellPath = /bin/sh;
			shellScript = "set -e\nset -u\nsource \"${SRCROOT}/../../minimal-code-flutter-module-ios/tptaq_bms_util_module/.ios/Flutter/flutter_export_environment.sh\"\nexport VERBOSE_SCRIPT_LOGGING=1 && \"$FLUTTER_ROOT\"/packages/flutter_tools/bin/xcode_backend.sh build";
		};
		D743427E672751435A1F4F55 /* [CP] Embed Pods Frameworks */ = {
			isa = PBXShellScriptBuildPhase;
			buildActionMask = 2147483647;
			files = (
			);
			inputFileListPaths = (
				"${PODS_ROOT}/Target Support Files/Pods-MyApplicationIOS/Pods-MyApplicationIOS-frameworks-${CONFIGURATION}-input-files.xcfilelist",
			);
			name = "[CP] Embed Pods Frameworks";
			outputFileListPaths = (
				"${PODS_ROOT}/Target Support Files/Pods-MyApplicationIOS/Pods-MyApplicationIOS-frameworks-${CONFIGURATION}-output-files.xcfilelist",
			);
			runOnlyForDeploymentPostprocessing = 0;
			shellPath = /bin/sh;
			shellScript = "\"${PODS_ROOT}/Target Support Files/Pods-MyApplicationIOS/Pods-MyApplicationIOS-frameworks.sh\"\n";
			showEnvVarsInLog = 0;
		};
		E762974E49361575C080DED5 /* [CP-User] Embed Flutter Build tptaq_bms_util_module Script */ = {
			isa = PBXShellScriptBuildPhase;
			buildActionMask = 2147483647;
			files = (
			);
			name = "[CP-User] Embed Flutter Build tptaq_bms_util_module Script";
			runOnlyForDeploymentPostprocessing = 0;
			shellPath = /bin/sh;
			shellScript = "set -e\nset -u\nsource \"${SRCROOT}/../../minimal-code-flutter-module-ios/tptaq_bms_util_module/.ios/Flutter/flutter_export_environment.sh\"\nexport VERBOSE_SCRIPT_LOGGING=1 && \"$FLUTTER_ROOT\"/packages/flutter_tools/bin/xcode_backend.sh embed_and_thin";
		};
/* End PBXShellScriptBuildPhase section */

/* Begin PBXSourcesBuildPhase section */
		9C3611D62A8365D50069D844 /* Sources */ = {
			isa = PBXSourcesBuildPhase;
			buildActionMask = 2147483647;
			files = (
				9C3611E22A8365D50069D844 /* ViewController.swift in Sources */,
				9C3611DE2A8365D50069D844 /* AppDelegate.swift in Sources */,
				9C3611E02A8365D50069D844 /* SceneDelegate.swift in Sources */,
			);
			runOnlyForDeploymentPostprocessing = 0;
		};
/* End PBXSourcesBuildPhase section */

/* Begin PBXVariantGroup section */
		9C3611E32A8365D50069D844 /* Main.storyboard */ = {
			isa = PBXVariantGroup;
			children = (
				9C3611E42A8365D50069D844 /* Base */,
			);
			name = Main.storyboard;
			sourceTree = "<group>";
		};
		9C3611E82A8365D60069D844 /* LaunchScreen.storyboard */ = {
			isa = PBXVariantGroup;
			children = (
				9C3611E92A8365D60069D844 /* Base */,
			);
			name = LaunchScreen.storyboard;
			sourceTree = "<group>";
		};
/* End PBXVariantGroup section */

/* Begin XCBuildConfiguration section */
		9C3611EC2A8365D60069D844 /* Debug */ = {
			isa = XCBuildConfiguration;
			buildSettings = {
				ALWAYS_SEARCH_USER_PATHS = NO;
				CLANG_ANALYZER_NONNULL = YES;
				CLANG_ANALYZER_NUMBER_OBJECT_CONVERSION = YES_AGGRESSIVE;
				CLANG_CXX_LANGUAGE_STANDARD = "gnu++20";
				CLANG_ENABLE_MODULES = YES;
				CLANG_ENABLE_OBJC_ARC = YES;
				CLANG_ENABLE_OBJC_WEAK = YES;
				CLANG_WARN_BLOCK_CAPTURE_AUTORELEASING = YES;
				CLANG_WARN_BOOL_CONVERSION = YES;
				CLANG_WARN_COMMA = YES;
				CLANG_WARN_CONSTANT_CONVERSION = YES;
				CLANG_WARN_DEPRECATED_OBJC_IMPLEMENTATIONS = YES;
				CLANG_WARN_DIRECT_OBJC_ISA_USAGE = YES_ERROR;
				CLANG_WARN_DOCUMENTATION_COMMENTS = YES;
				CLANG_WARN_EMPTY_BODY = YES;
				CLANG_WARN_ENUM_CONVERSION = YES;
				CLANG_WARN_INFINITE_RECURSION = YES;
				CLANG_WARN_INT_CONVERSION = YES;
				CLANG_WARN_NON_LITERAL_NULL_CONVERSION = YES;
				CLANG_WARN_OBJC_IMPLICIT_RETAIN_SELF = YES;
				CLANG_WARN_OBJC_LITERAL_CONVERSION = YES;
				CLANG_WARN_OBJC_ROOT_CLASS = YES_ERROR;
				CLANG_WARN_QUOTED_INCLUDE_IN_FRAMEWORK_HEADER = YES;
				CLANG_WARN_RANGE_LOOP_ANALYSIS = YES;
				CLANG_WARN_STRICT_PROTOTYPES = YES;
				CLANG_WARN_SUSPICIOUS_MOVE = YES;
				CLANG_WARN_UNGUARDED_AVAILABILITY = YES_AGGRESSIVE;
				CLANG_WARN_UNREACHABLE_CODE = YES;
				CLANG_WARN__DUPLICATE_METHOD_MATCH = YES;
				COPY_PHASE_STRIP = NO;
				DEBUG_INFORMATION_FORMAT = dwarf;
				ENABLE_STRICT_OBJC_MSGSEND = YES;
				ENABLE_TESTABILITY = YES;
				GCC_C_LANGUAGE_STANDARD = gnu11;
				GCC_DYNAMIC_NO_PIC = NO;
				GCC_NO_COMMON_BLOCKS = YES;
				GCC_OPTIMIZATION_LEVEL = 0;
				GCC_PREPROCESSOR_DEFINITIONS = (
					"DEBUG=1",
					"$(inherited)",
				);
				GCC_WARN_64_TO_32_BIT_CONVERSION = YES;
				GCC_WARN_ABOUT_RETURN_TYPE = YES_ERROR;
				GCC_WARN_UNDECLARED_SELECTOR = YES;
				GCC_WARN_UNINITIALIZED_AUTOS = YES_AGGRESSIVE;
				GCC_WARN_UNUSED_FUNCTION = YES;
				GCC_WARN_UNUSED_VARIABLE = YES;
				IPHONEOS_DEPLOYMENT_TARGET = 16.4;
				MTL_ENABLE_DEBUG_INFO = INCLUDE_SOURCE;
				MTL_FAST_MATH = YES;
				ONLY_ACTIVE_ARCH = YES;
				SDKROOT = iphoneos;
				SWIFT_ACTIVE_COMPILATION_CONDITIONS = DEBUG;
				SWIFT_OPTIMIZATION_LEVEL = "-Onone";
			};
			name = Debug;
		};
		9C3611ED2A8365D60069D844 /* Release */ = {
			isa = XCBuildConfiguration;
			buildSettings = {
				ALWAYS_SEARCH_USER_PATHS = NO;
				CLANG_ANALYZER_NONNULL = YES;
				CLANG_ANALYZER_NUMBER_OBJECT_CONVERSION = YES_AGGRESSIVE;
				CLANG_CXX_LANGUAGE_STANDARD = "gnu++20";
				CLANG_ENABLE_MODULES = YES;
				CLANG_ENABLE_OBJC_ARC = YES;
				CLANG_ENABLE_OBJC_WEAK = YES;
				CLANG_WARN_BLOCK_CAPTURE_AUTORELEASING = YES;
				CLANG_WARN_BOOL_CONVERSION = YES;
				CLANG_WARN_COMMA = YES;
				CLANG_WARN_CONSTANT_CONVERSION = YES;
				CLANG_WARN_DEPRECATED_OBJC_IMPLEMENTATIONS = YES;
				CLANG_WARN_DIRECT_OBJC_ISA_USAGE = YES_ERROR;
				CLANG_WARN_DOCUMENTATION_COMMENTS = YES;
				CLANG_WARN_EMPTY_BODY = YES;
				CLANG_WARN_ENUM_CONVERSION = YES;
				CLANG_WARN_INFINITE_RECURSION = YES;
				CLANG_WARN_INT_CONVERSION = YES;
				CLANG_WARN_NON_LITERAL_NULL_CONVERSION = YES;
				CLANG_WARN_OBJC_IMPLICIT_RETAIN_SELF = YES;
				CLANG_WARN_OBJC_LITERAL_CONVERSION = YES;
				CLANG_WARN_OBJC_ROOT_CLASS = YES_ERROR;
				CLANG_WARN_QUOTED_INCLUDE_IN_FRAMEWORK_HEADER = YES;
				CLANG_WARN_RANGE_LOOP_ANALYSIS = YES;
				CLANG_WARN_STRICT_PROTOTYPES = YES;
				CLANG_WARN_SUSPICIOUS_MOVE = YES;
				CLANG_WARN_UNGUARDED_AVAILABILITY = YES_AGGRESSIVE;
				CLANG_WARN_UNREACHABLE_CODE = YES;
				CLANG_WARN__DUPLICATE_METHOD_MATCH = YES;
				COPY_PHASE_STRIP = NO;
				DEBUG_INFORMATION_FORMAT = "dwarf-with-dsym";
				ENABLE_NS_ASSERTIONS = NO;
				ENABLE_STRICT_OBJC_MSGSEND = YES;
				GCC_C_LANGUAGE_STANDARD = gnu11;
				GCC_NO_COMMON_BLOCKS = YES;
				GCC_WARN_64_TO_32_BIT_CONVERSION = YES;
				GCC_WARN_ABOUT_RETURN_TYPE = YES_ERROR;
				GCC_WARN_UNDECLARED_SELECTOR = YES;
				GCC_WARN_UNINITIALIZED_AUTOS = YES_AGGRESSIVE;
				GCC_WARN_UNUSED_FUNCTION = YES;
				GCC_WARN_UNUSED_VARIABLE = YES;
				IPHONEOS_DEPLOYMENT_TARGET = 16.4;
				MTL_ENABLE_DEBUG_INFO = NO;
				MTL_FAST_MATH = YES;
				SDKROOT = iphoneos;
				SWIFT_COMPILATION_MODE = wholemodule;
				SWIFT_OPTIMIZATION_LEVEL = "-O";
				VALIDATE_PRODUCT = YES;
			};
			name = Release;
		};
		9C3611EF2A8365D60069D844 /* Debug */ = {
			isa = XCBuildConfiguration;
			baseConfigurationReference = D855A9400083FFD0DE5B2AFA /* Pods-MyApplicationIOS.debug.xcconfig */;
			buildSettings = {
				ASSETCATALOG_COMPILER_APPICON_NAME = AppIcon;
				ASSETCATALOG_COMPILER_GLOBAL_ACCENT_COLOR_NAME = AccentColor;
				CODE_SIGN_STYLE = Automatic;
				CURRENT_PROJECT_VERSION = 1;
				DEVELOPMENT_TEAM = R4UR27KK3R;
				EXCLUDED_ARCHS = "";
				GENERATE_INFOPLIST_FILE = YES;
				INFOPLIST_FILE = MyApplicationIOS/Info.plist;
				INFOPLIST_KEY_UIApplicationSupportsIndirectInputEvents = YES;
				INFOPLIST_KEY_UILaunchStoryboardName = LaunchScreen;
				INFOPLIST_KEY_UIMainStoryboardFile = Main;
				INFOPLIST_KEY_UISupportedInterfaceOrientations_iPad = "UIInterfaceOrientationPortrait UIInterfaceOrientationPortraitUpsideDown UIInterfaceOrientationLandscapeLeft UIInterfaceOrientationLandscapeRight";
				INFOPLIST_KEY_UISupportedInterfaceOrientations_iPhone = "UIInterfaceOrientationPortrait UIInterfaceOrientationLandscapeLeft UIInterfaceOrientationLandscapeRight";
				LD_RUNPATH_SEARCH_PATHS = (
					"$(inherited)",
					"@executable_path/Frameworks",
				);
				MARKETING_VERSION = 1.0;
				PRODUCT_BUNDLE_IDENTIFIER = com.example.MyApplicationIOS;
				PRODUCT_NAME = "$(TARGET_NAME)";
				SUPPORTED_PLATFORMS = "iphoneos iphonesimulator";
				SUPPORTS_MACCATALYST = NO;
				SUPPORTS_MAC_DESIGNED_FOR_IPHONE_IPAD = NO;
				SWIFT_EMIT_LOC_STRINGS = YES;
				SWIFT_VERSION = 5.0;
				TARGETED_DEVICE_FAMILY = 1;
			};
			name = Debug;
		};
		9C3611F02A8365D60069D844 /* Release */ = {
			isa = XCBuildConfiguration;
			baseConfigurationReference = 949EC6614DDAC0C442ABECA8 /* Pods-MyApplicationIOS.release.xcconfig */;
			buildSettings = {
				ASSETCATALOG_COMPILER_APPICON_NAME = AppIcon;
				ASSETCATALOG_COMPILER_GLOBAL_ACCENT_COLOR_NAME = AccentColor;
				CODE_SIGN_STYLE = Automatic;
				CURRENT_PROJECT_VERSION = 1;
				DEVELOPMENT_TEAM = R4UR27KK3R;
				EXCLUDED_ARCHS = "";
				GENERATE_INFOPLIST_FILE = YES;
				INFOPLIST_FILE = MyApplicationIOS/Info.plist;
				INFOPLIST_KEY_UIApplicationSupportsIndirectInputEvents = YES;
				INFOPLIST_KEY_UILaunchStoryboardName = LaunchScreen;
				INFOPLIST_KEY_UIMainStoryboardFile = Main;
				INFOPLIST_KEY_UISupportedInterfaceOrientations_iPad = "UIInterfaceOrientationPortrait UIInterfaceOrientationPortraitUpsideDown UIInterfaceOrientationLandscapeLeft UIInterfaceOrientationLandscapeRight";
				INFOPLIST_KEY_UISupportedInterfaceOrientations_iPhone = "UIInterfaceOrientationPortrait UIInterfaceOrientationLandscapeLeft UIInterfaceOrientationLandscapeRight";
				LD_RUNPATH_SEARCH_PATHS = (
					"$(inherited)",
					"@executable_path/Frameworks",
				);
				MARKETING_VERSION = 1.0;
				PRODUCT_BUNDLE_IDENTIFIER = com.example.MyApplicationIOS;
				PRODUCT_NAME = "$(TARGET_NAME)";
				SUPPORTED_PLATFORMS = "iphoneos iphonesimulator";
				SUPPORTS_MACCATALYST = NO;
				SUPPORTS_MAC_DESIGNED_FOR_IPHONE_IPAD = NO;
				SWIFT_EMIT_LOC_STRINGS = YES;
				SWIFT_VERSION = 5.0;
				TARGETED_DEVICE_FAMILY = 1;
			};
			name = Release;
		};
/* End XCBuildConfiguration section */

/* Begin XCConfigurationList section */
		9C3611D52A8365D50069D844 /* Build configuration list for PBXProject "MyApplicationIOS" */ = {
			isa = XCConfigurationList;
			buildConfigurations = (
				9C3611EC2A8365D60069D844 /* Debug */,
				9C3611ED2A8365D60069D844 /* Release */,
			);
			defaultConfigurationIsVisible = 0;
			defaultConfigurationName = Release;
		};
		9C3611EE2A8365D60069D844 /* Build configuration list for PBXNativeTarget "MyApplicationIOS" */ = {
			isa = XCConfigurationList;
			buildConfigurations = (
				9C3611EF2A8365D60069D844 /* Debug */,
				9C3611F02A8365D60069D844 /* Release */,
			);
			defaultConfigurationIsVisible = 0;
			defaultConfigurationName = Release;
		};
/* End XCConfigurationList section */
	};
	rootObject = 9C3611D22A8365D50069D844 /* Project object */;
}
